
Microsoft Visual Studio Solution File, Format Version 12.00
# Visual Studio Version 17
VisualStudioVersion = 17.3.32825.248
MinimumVisualStudioVersion = 10.0.40219.1
Project("{FAE04EC0-301F-11D3-BF4B-00C04F79EFBC}") = "vehiculoss", "vehiculoss\vehiculoss.csproj", "{0894F391-2303-44CC-AA0A-F625BB70D3F6}"
EndProject
Global
	GlobalSection(SolutionConfigurationPlatforms) = preSolution
		Debug|Any CPU = Debug|Any CPU
		Release|Any CPU = Release|Any CPU
	EndGlobalSection
	GlobalSection(ProjectConfigurationPlatforms) = postSolution
		{0894F391-2303-44CC-AA0A-F625BB70D3F6}.Debug|Any CPU.ActiveCfg = Debug|Any CPU
		{0894F391-2303-44CC-AA0A-F625BB70D3F6}.Debug|Any CPU.Build.0 = Debug|Any CPU
		{0894F391-2303-44CC-AA0A-F625BB70D3F6}.Release|Any CPU.ActiveCfg = Release|Any CPU
		{0894F391-2303-44CC-AA0A-F625BB70D3F6}.Release|Any CPU.Build.0 = Release|Any CPU
	EndGlobalSection
	GlobalSection(SolutionProperties) = preSolution
		HideSolutionNode = FALSE
	EndGlobalSection
	GlobalSection(ExtensibilityGlobals) = postSolution
		SolutionGuid = {08BC06DB-5820-4E45-997F-F84B77AF86DB}
	EndGlobalSection
EndGlobal
